
Microsoft Visual Studio Solution File, Format Version 12.00
# Visual Studio Version 17
VisualStudioVersion = 17.4.33205.214
MinimumVisualStudioVersion = 10.0.40219.1
Project("{9A19103F-16F7-4668-BE54-9A1E7A4F7556}") = "Csharp101", "Csharp101\Csharp101.csproj", "{DBF392BA-7CBC-4800-B9CD-89748C2BB658}"
EndProject
Project("{9A19103F-16F7-4668-BE54-9A1E7A4F7556}") = "For döngüsü", "For döngüsü\For döngüsü.csproj", "{923928E1-74FB-4B25-AC7F-4BC0E23090AE}"
EndProject
Project("{9A19103F-16F7-4668-BE54-9A1E7A4F7556}") = "While Döngüsü", "While Döngüsü\While Döngüsü.csproj", "{D81584B3-4FB8-4E2A-BD3C-3A6FF4A1B6D2}"
EndProject
Project("{FAE04EC0-301F-11D3-BF4B-00C04F79EFBC}") = "Diziler", "Diziler\Diziler.csproj", "{80157A70-4D0A-4DE5-AF99-AC472B9DE8BF}"
EndProject
Project("{FAE04EC0-301F-11D3-BF4B-00C04F79EFBC}") = "HackerrankDeneme", "HackerrankDeneme\HackerrankDeneme.csproj", "{4555A58E-4AE6-4B77-B526-8DFA9DB75A4F}"
EndProject
Global
	GlobalSection(SolutionConfigurationPlatforms) = preSolution
		Debug|Any CPU = Debug|Any CPU
		Release|Any CPU = Release|Any CPU
	EndGlobalSection
	GlobalSection(ProjectConfigurationPlatforms) = postSolution
		{DBF392BA-7CBC-4800-B9CD-89748C2BB658}.Debug|Any CPU.ActiveCfg = Debug|Any CPU
		{DBF392BA-7CBC-4800-B9CD-89748C2BB658}.Debug|Any CPU.Build.0 = Debug|Any CPU
		{DBF392BA-7CBC-4800-B9CD-89748C2BB658}.Release|Any CPU.ActiveCfg = Release|Any CPU
		{DBF392BA-7CBC-4800-B9CD-89748C2BB658}.Release|Any CPU.Build.0 = Release|Any CPU
		{923928E1-74FB-4B25-AC7F-4BC0E23090AE}.Debug|Any CPU.ActiveCfg = Debug|Any CPU
		{923928E1-74FB-4B25-AC7F-4BC0E23090AE}.Debug|Any CPU.Build.0 = Debug|Any CPU
		{923928E1-74FB-4B25-AC7F-4BC0E23090AE}.Release|Any CPU.ActiveCfg = Release|Any CPU
		{923928E1-74FB-4B25-AC7F-4BC0E23090AE}.Release|Any CPU.Build.0 = Release|Any CPU
		{D81584B3-4FB8-4E2A-BD3C-3A6FF4A1B6D2}.Debug|Any CPU.ActiveCfg = Debug|Any CPU
		{D81584B3-4FB8-4E2A-BD3C-3A6FF4A1B6D2}.Debug|Any CPU.Build.0 = Debug|Any CPU
		{D81584B3-4FB8-4E2A-BD3C-3A6FF4A1B6D2}.Release|Any CPU.ActiveCfg = Release|Any CPU
		{D81584B3-4FB8-4E2A-BD3C-3A6FF4A1B6D2}.Release|Any CPU.Build.0 = Release|Any CPU
		{80157A70-4D0A-4DE5-AF99-AC472B9DE8BF}.Debug|Any CPU.ActiveCfg = Debug|Any CPU
		{80157A70-4D0A-4DE5-AF99-AC472B9DE8BF}.Debug|Any CPU.Build.0 = Debug|Any CPU
		{80157A70-4D0A-4DE5-AF99-AC472B9DE8BF}.Release|Any CPU.ActiveCfg = Release|Any CPU
		{80157A70-4D0A-4DE5-AF99-AC472B9DE8BF}.Release|Any CPU.Build.0 = Release|Any CPU
		{4555A58E-4AE6-4B77-B526-8DFA9DB75A4F}.Debug|Any CPU.ActiveCfg = Debug|Any CPU
		{4555A58E-4AE6-4B77-B526-8DFA9DB75A4F}.Debug|Any CPU.Build.0 = Debug|Any CPU
		{4555A58E-4AE6-4B77-B526-8DFA9DB75A4F}.Release|Any CPU.ActiveCfg = Release|Any CPU
		{4555A58E-4AE6-4B77-B526-8DFA9DB75A4F}.Release|Any CPU.Build.0 = Release|Any CPU
	EndGlobalSection
	GlobalSection(SolutionProperties) = preSolution
		HideSolutionNode = FALSE
	EndGlobalSection
	GlobalSection(ExtensibilityGlobals) = postSolution
		SolutionGuid = {C361D406-3187-44E0-AD7E-59FB986FD486}
	EndGlobalSection
EndGlobal
